// !$*UTF8*$!
{
	archiveVersion = 1;
	classes = {
	};
	objectVersion = 56;
	objects = {

/* Begin PBXBuildFile section */
		3880A4E0294AA4D900AAB9D1 /* BottomTitleCollectionReusableView.swift in Sources */ = {isa = PBXBuildFile; fileRef = 3880A4DE294AA4D900AAB9D1 /* BottomTitleCollectionReusableView.swift */; };
		3880A4E1294AA4D900AAB9D1 /* BottomTitleCollectionReusableView.xib in Resources */ = {isa = PBXBuildFile; fileRef = 3880A4DF294AA4D900AAB9D1 /* BottomTitleCollectionReusableView.xib */; };
		3880A4E8294AC1D500AAB9D1 /* RecipeViewController.swift in Sources */ = {isa = PBXBuildFile; fileRef = 3880A4E6294AC1D500AAB9D1 /* RecipeViewController.swift */; };
		3880A4E9294AC1D500AAB9D1 /* RecipeViewController.xib in Resources */ = {isa = PBXBuildFile; fileRef = 3880A4E7294AC1D500AAB9D1 /* RecipeViewController.xib */; };
		38E3231D294AC84400758630 /* RecipeListViewController.swift in Sources */ = {isa = PBXBuildFile; fileRef = 38E3231B294AC84400758630 /* RecipeListViewController.swift */; };
		38E3231E294AC84400758630 /* RecipeListViewController.xib in Resources */ = {isa = PBXBuildFile; fileRef = 38E3231C294AC84400758630 /* RecipeListViewController.xib */; };
		38ED1780294A519A004F7C89 /* AppDelegate.swift in Sources */ = {isa = PBXBuildFile; fileRef = 38ED177F294A519A004F7C89 /* AppDelegate.swift */; };
		38ED1789294A519C004F7C89 /* Assets.xcassets in Resources */ = {isa = PBXBuildFile; fileRef = 38ED1788294A519C004F7C89 /* Assets.xcassets */; };
		38ED178C294A519C004F7C89 /* LaunchScreen.storyboard in Resources */ = {isa = PBXBuildFile; fileRef = 38ED178A294A519C004F7C89 /* LaunchScreen.storyboard */; };
		38ED1797294A519C004F7C89 /* RecetarioTests.swift in Sources */ = {isa = PBXBuildFile; fileRef = 38ED1796294A519C004F7C89 /* RecetarioTests.swift */; };
		38ED17A1294A519C004F7C89 /* RecetarioUITests.swift in Sources */ = {isa = PBXBuildFile; fileRef = 38ED17A0294A519C004F7C89 /* RecetarioUITests.swift */; };
		38ED17A3294A519C004F7C89 /* RecetarioUITestsLaunchTests.swift in Sources */ = {isa = PBXBuildFile; fileRef = 38ED17A2294A519C004F7C89 /* RecetarioUITestsLaunchTests.swift */; };
		38ED17B3294A75B4004F7C89 /* Category.swift in Sources */ = {isa = PBXBuildFile; fileRef = 38ED17B2294A75B4004F7C89 /* Category.swift */; };
		38ED17B5294A76A5004F7C89 /* Classification.swift in Sources */ = {isa = PBXBuildFile; fileRef = 38ED17B4294A76A5004F7C89 /* Classification.swift */; };
		38ED17B7294A7797004F7C89 /* Recipe.swift in Sources */ = {isa = PBXBuildFile; fileRef = 38ED17B6294A7797004F7C89 /* Recipe.swift */; };
		38ED17B9294A7A8A004F7C89 /* RecipeClientdata.swift in Sources */ = {isa = PBXBuildFile; fileRef = 38ED17B8294A7A8A004F7C89 /* RecipeClientdata.swift */; };
		38ED17BB294A7ACC004F7C89 /* RecipeImage.swift in Sources */ = {isa = PBXBuildFile; fileRef = 38ED17BA294A7ACC004F7C89 /* RecipeImage.swift */; };
		38ED17BD294A7ADC004F7C89 /* ImageClientdata.swift in Sources */ = {isa = PBXBuildFile; fileRef = 38ED17BC294A7ADC004F7C89 /* ImageClientdata.swift */; };
		38ED17BF294A7AEA004F7C89 /* Ingredient.swift in Sources */ = {isa = PBXBuildFile; fileRef = 38ED17BE294A7AEA004F7C89 /* Ingredient.swift */; };
		38ED17C1294A7AF5004F7C89 /* Nutrient.swift in Sources */ = {isa = PBXBuildFile; fileRef = 38ED17C0294A7AF5004F7C89 /* Nutrient.swift */; };
		38ED17C3294A7B04004F7C89 /* Quantity100.swift in Sources */ = {isa = PBXBuildFile; fileRef = 38ED17C2294A7B04004F7C89 /* Quantity100.swift */; };
		38ED17C5294A7B19004F7C89 /* Step.swift in Sources */ = {isa = PBXBuildFile; fileRef = 38ED17C4294A7B19004F7C89 /* Step.swift */; };
		38ED17C7294A7B29004F7C89 /* Video.swift in Sources */ = {isa = PBXBuildFile; fileRef = 38ED17C6294A7B29004F7C89 /* Video.swift */; };
		38ED17CB294A7BF2004F7C89 /* GetClassificationsUseCase.swift in Sources */ = {isa = PBXBuildFile; fileRef = 38ED17CA294A7BF2004F7C89 /* GetClassificationsUseCase.swift */; };
		38ED17CD294A7CBF004F7C89 /* UseCase.swift in Sources */ = {isa = PBXBuildFile; fileRef = 38ED17CC294A7CBF004F7C89 /* UseCase.swift */; };
		38ED17CF294A7FD4004F7C89 /* classifications_response_200.json in Resources */ = {isa = PBXBuildFile; fileRef = 38ED17CE294A7FD4004F7C89 /* classifications_response_200.json */; };
		38ED17D6294A85A0004F7C89 /* RecipeCategoriesViewController.swift in Sources */ = {isa = PBXBuildFile; fileRef = 38ED17D5294A85A0004F7C89 /* RecipeCategoriesViewController.swift */; };
		38ED17D8294A8612004F7C89 /* RecipeCategoriesViewModel.swift in Sources */ = {isa = PBXBuildFile; fileRef = 38ED17D7294A8612004F7C89 /* RecipeCategoriesViewModel.swift */; };
		38ED17DB294A90A0004F7C89 /* RecipeCategoriesBuilder.swift in Sources */ = {isa = PBXBuildFile; fileRef = 38ED17DA294A90A0004F7C89 /* RecipeCategoriesBuilder.swift */; };
		38ED17DD294A9155004F7C89 /* RecipeCategoriesViewController.xib in Resources */ = {isa = PBXBuildFile; fileRef = 38ED17DC294A9155004F7C89 /* RecipeCategoriesViewController.xib */; };
		38ED17E1294A935D004F7C89 /* TopRecipeCollectionViewCell.swift in Sources */ = {isa = PBXBuildFile; fileRef = 38ED17DF294A935D004F7C89 /* TopRecipeCollectionViewCell.swift */; };
		38ED17E2294A935D004F7C89 /* TopRecipeCollectionViewCell.xib in Resources */ = {isa = PBXBuildFile; fileRef = 38ED17E0294A935D004F7C89 /* TopRecipeCollectionViewCell.xib */; };
		38ED17E5294A9368004F7C89 /* RecipeCollectionViewCell.swift in Sources */ = {isa = PBXBuildFile; fileRef = 38ED17E3294A9368004F7C89 /* RecipeCollectionViewCell.swift */; };
		38ED17E6294A9368004F7C89 /* RecipeCollectionViewCell.xib in Resources */ = {isa = PBXBuildFile; fileRef = 38ED17E4294A9368004F7C89 /* RecipeCollectionViewCell.xib */; };
		38ED17E9294A9579004F7C89 /* SDWebImage in Frameworks */ = {isa = PBXBuildFile; productRef = 38ED17E8294A9579004F7C89 /* SDWebImage */; };
		38ED17EB294A9579004F7C89 /* SDWebImageMapKit in Frameworks */ = {isa = PBXBuildFile; productRef = 38ED17EA294A9579004F7C89 /* SDWebImageMapKit */; };
		38ED17EE294AA1D0004F7C89 /* TopCollectionViewDataSource.swift in Sources */ = {isa = PBXBuildFile; fileRef = 38ED17ED294AA1D0004F7C89 /* TopCollectionViewDataSource.swift */; };
		38ED17F0294AA1EC004F7C89 /* BottomCollectionViewDataSource.swift in Sources */ = {isa = PBXBuildFile; fileRef = 38ED17EF294AA1EC004F7C89 /* BottomCollectionViewDataSource.swift */; };
/* End PBXBuildFile section */

/* Begin PBXContainerItemProxy section */
		38ED1793294A519C004F7C89 /* PBXContainerItemProxy */ = {
			isa = PBXContainerItemProxy;
			containerPortal = 38ED1774294A519A004F7C89 /* Project object */;
			proxyType = 1;
			remoteGlobalIDString = 38ED177B294A519A004F7C89;
			remoteInfo = Recetario;
		};
		38ED179D294A519C004F7C89 /* PBXContainerItemProxy */ = {
			isa = PBXContainerItemProxy;
			containerPortal = 38ED1774294A519A004F7C89 /* Project object */;
			proxyType = 1;
			remoteGlobalIDString = 38ED177B294A519A004F7C89;
			remoteInfo = Recetario;
		};
/* End PBXContainerItemProxy section */

/* Begin PBXFileReference section */
		3880A4DE294AA4D900AAB9D1 /* BottomTitleCollectionReusableView.swift */ = {isa = PBXFileReference; lastKnownFileType = sourcecode.swift; path = BottomTitleCollectionReusableView.swift; sourceTree = "<group>"; };
		3880A4DF294AA4D900AAB9D1 /* BottomTitleCollectionReusableView.xib */ = {isa = PBXFileReference; lastKnownFileType = file.xib; path = BottomTitleCollectionReusableView.xib; sourceTree = "<group>"; };
		3880A4E6294AC1D500AAB9D1 /* RecipeViewController.swift */ = {isa = PBXFileReference; lastKnownFileType = sourcecode.swift; path = RecipeViewController.swift; sourceTree = "<group>"; };
		3880A4E7294AC1D500AAB9D1 /* RecipeViewController.xib */ = {isa = PBXFileReference; lastKnownFileType = file.xib; path = RecipeViewController.xib; sourceTree = "<group>"; };
		38E3231B294AC84400758630 /* RecipeListViewController.swift */ = {isa = PBXFileReference; lastKnownFileType = sourcecode.swift; path = RecipeListViewController.swift; sourceTree = "<group>"; };
		38E3231C294AC84400758630 /* RecipeListViewController.xib */ = {isa = PBXFileReference; lastKnownFileType = file.xib; path = RecipeListViewController.xib; sourceTree = "<group>"; };
		38ED177C294A519A004F7C89 /* Recetario.app */ = {isa = PBXFileReference; explicitFileType = wrapper.application; includeInIndex = 0; path = Recetario.app; sourceTree = BUILT_PRODUCTS_DIR; };
		38ED177F294A519A004F7C89 /* AppDelegate.swift */ = {isa = PBXFileReference; lastKnownFileType = sourcecode.swift; path = AppDelegate.swift; sourceTree = "<group>"; };
		38ED1788294A519C004F7C89 /* Assets.xcassets */ = {isa = PBXFileReference; lastKnownFileType = folder.assetcatalog; path = Assets.xcassets; sourceTree = "<group>"; };
		38ED178B294A519C004F7C89 /* Base */ = {isa = PBXFileReference; lastKnownFileType = file.storyboard; name = Base; path = Base.lproj/LaunchScreen.storyboard; sourceTree = "<group>"; };
		38ED178D294A519C004F7C89 /* Info.plist */ = {isa = PBXFileReference; lastKnownFileType = text.plist.xml; path = Info.plist; sourceTree = "<group>"; };
		38ED1792294A519C004F7C89 /* RecetarioTests.xctest */ = {isa = PBXFileReference; explicitFileType = wrapper.cfbundle; includeInIndex = 0; path = RecetarioTests.xctest; sourceTree = BUILT_PRODUCTS_DIR; };
		38ED1796294A519C004F7C89 /* RecetarioTests.swift */ = {isa = PBXFileReference; lastKnownFileType = sourcecode.swift; path = RecetarioTests.swift; sourceTree = "<group>"; };
		38ED179C294A519C004F7C89 /* RecetarioUITests.xctest */ = {isa = PBXFileReference; explicitFileType = wrapper.cfbundle; includeInIndex = 0; path = RecetarioUITests.xctest; sourceTree = BUILT_PRODUCTS_DIR; };
		38ED17A0294A519C004F7C89 /* RecetarioUITests.swift */ = {isa = PBXFileReference; lastKnownFileType = sourcecode.swift; path = RecetarioUITests.swift; sourceTree = "<group>"; };
		38ED17A2294A519C004F7C89 /* RecetarioUITestsLaunchTests.swift */ = {isa = PBXFileReference; lastKnownFileType = sourcecode.swift; path = RecetarioUITestsLaunchTests.swift; sourceTree = "<group>"; };
		38ED17B2294A75B4004F7C89 /* Category.swift */ = {isa = PBXFileReference; lastKnownFileType = sourcecode.swift; path = Category.swift; sourceTree = "<group>"; };
		38ED17B4294A76A5004F7C89 /* Classification.swift */ = {isa = PBXFileReference; lastKnownFileType = sourcecode.swift; path = Classification.swift; sourceTree = "<group>"; };
		38ED17B6294A7797004F7C89 /* Recipe.swift */ = {isa = PBXFileReference; lastKnownFileType = sourcecode.swift; path = Recipe.swift; sourceTree = "<group>"; };
		38ED17B8294A7A8A004F7C89 /* RecipeClientdata.swift */ = {isa = PBXFileReference; lastKnownFileType = sourcecode.swift; path = RecipeClientdata.swift; sourceTree = "<group>"; };
		38ED17BA294A7ACC004F7C89 /* RecipeImage.swift */ = {isa = PBXFileReference; lastKnownFileType = sourcecode.swift; path = RecipeImage.swift; sourceTree = "<group>"; };
		38ED17BC294A7ADC004F7C89 /* ImageClientdata.swift */ = {isa = PBXFileReference; lastKnownFileType = sourcecode.swift; path = ImageClientdata.swift; sourceTree = "<group>"; };
		38ED17BE294A7AEA004F7C89 /* Ingredient.swift */ = {isa = PBXFileReference; lastKnownFileType = sourcecode.swift; path = Ingredient.swift; sourceTree = "<group>"; };
		38ED17C0294A7AF5004F7C89 /* Nutrient.swift */ = {isa = PBXFileReference; lastKnownFileType = sourcecode.swift; path = Nutrient.swift; sourceTree = "<group>"; };
		38ED17C2294A7B04004F7C89 /* Quantity100.swift */ = {isa = PBXFileReference; lastKnownFileType = sourcecode.swift; path = Quantity100.swift; sourceTree = "<group>"; };
		38ED17C4294A7B19004F7C89 /* Step.swift */ = {isa = PBXFileReference; lastKnownFileType = sourcecode.swift; path = Step.swift; sourceTree = "<group>"; };
		38ED17C6294A7B29004F7C89 /* Video.swift */ = {isa = PBXFileReference; lastKnownFileType = sourcecode.swift; path = Video.swift; sourceTree = "<group>"; };
		38ED17CA294A7BF2004F7C89 /* GetClassificationsUseCase.swift */ = {isa = PBXFileReference; lastKnownFileType = sourcecode.swift; path = GetClassificationsUseCase.swift; sourceTree = "<group>"; };
		38ED17CC294A7CBF004F7C89 /* UseCase.swift */ = {isa = PBXFileReference; lastKnownFileType = sourcecode.swift; path = UseCase.swift; sourceTree = "<group>"; };
		38ED17CE294A7FD4004F7C89 /* classifications_response_200.json */ = {isa = PBXFileReference; lastKnownFileType = text.json; path = classifications_response_200.json; sourceTree = "<group>"; };
		38ED17D5294A85A0004F7C89 /* RecipeCategoriesViewController.swift */ = {isa = PBXFileReference; lastKnownFileType = sourcecode.swift; path = RecipeCategoriesViewController.swift; sourceTree = "<group>"; };
		38ED17D7294A8612004F7C89 /* RecipeCategoriesViewModel.swift */ = {isa = PBXFileReference; lastKnownFileType = sourcecode.swift; path = RecipeCategoriesViewModel.swift; sourceTree = "<group>"; };
		38ED17DA294A90A0004F7C89 /* RecipeCategoriesBuilder.swift */ = {isa = PBXFileReference; lastKnownFileType = sourcecode.swift; path = RecipeCategoriesBuilder.swift; sourceTree = "<group>"; };
		38ED17DC294A9155004F7C89 /* RecipeCategoriesViewController.xib */ = {isa = PBXFileReference; lastKnownFileType = file.xib; path = RecipeCategoriesViewController.xib; sourceTree = "<group>"; };
		38ED17DF294A935D004F7C89 /* TopRecipeCollectionViewCell.swift */ = {isa = PBXFileReference; lastKnownFileType = sourcecode.swift; path = TopRecipeCollectionViewCell.swift; sourceTree = "<group>"; };
		38ED17E0294A935D004F7C89 /* TopRecipeCollectionViewCell.xib */ = {isa = PBXFileReference; lastKnownFileType = file.xib; path = TopRecipeCollectionViewCell.xib; sourceTree = "<group>"; };
		38ED17E3294A9368004F7C89 /* RecipeCollectionViewCell.swift */ = {isa = PBXFileReference; lastKnownFileType = sourcecode.swift; path = RecipeCollectionViewCell.swift; sourceTree = "<group>"; };
		38ED17E4294A9368004F7C89 /* RecipeCollectionViewCell.xib */ = {isa = PBXFileReference; lastKnownFileType = file.xib; path = RecipeCollectionViewCell.xib; sourceTree = "<group>"; };
		38ED17ED294AA1D0004F7C89 /* TopCollectionViewDataSource.swift */ = {isa = PBXFileReference; lastKnownFileType = sourcecode.swift; path = TopCollectionViewDataSource.swift; sourceTree = "<group>"; };
		38ED17EF294AA1EC004F7C89 /* BottomCollectionViewDataSource.swift */ = {isa = PBXFileReference; lastKnownFileType = sourcecode.swift; path = BottomCollectionViewDataSource.swift; sourceTree = "<group>"; };
/* End PBXFileReference section */

/* Begin PBXFrameworksBuildPhase section */
		38ED1779294A519A004F7C89 /* Frameworks */ = {
			isa = PBXFrameworksBuildPhase;
			buildActionMask = 2147483647;
			files = (
				38ED17EB294A9579004F7C89 /* SDWebImageMapKit in Frameworks */,
				38ED17E9294A9579004F7C89 /* SDWebImage in Frameworks */,
			);
			runOnlyForDeploymentPostprocessing = 0;
		};
		38ED178F294A519C004F7C89 /* Frameworks */ = {
			isa = PBXFrameworksBuildPhase;
			buildActionMask = 2147483647;
			files = (
			);
			runOnlyForDeploymentPostprocessing = 0;
		};
		38ED1799294A519C004F7C89 /* Frameworks */ = {
			isa = PBXFrameworksBuildPhase;
			buildActionMask = 2147483647;
			files = (
			);
			runOnlyForDeploymentPostprocessing = 0;
		};
/* End PBXFrameworksBuildPhase section */

/* Begin PBXGroup section */
		3880A4E2294AC16D00AAB9D1 /* Recipe */ = {
			isa = PBXGroup;
			children = (
				3880A4E5294AC19A00AAB9D1 /* Builder */,
				3880A4E4294AC19600AAB9D1 /* ViewModel */,
				3880A4E3294AC18F00AAB9D1 /* View */,
			);
			path = Recipe;
			sourceTree = "<group>";
		};
		3880A4E3294AC18F00AAB9D1 /* View */ = {
			isa = PBXGroup;
			children = (
				3880A4E6294AC1D500AAB9D1 /* RecipeViewController.swift */,
				3880A4E7294AC1D500AAB9D1 /* RecipeViewController.xib */,
			);
			path = View;
			sourceTree = "<group>";
		};
		3880A4E4294AC19600AAB9D1 /* ViewModel */ = {
			isa = PBXGroup;
			children = (
			);
			path = ViewModel;
			sourceTree = "<group>";
		};
		3880A4E5294AC19A00AAB9D1 /* Builder */ = {
			isa = PBXGroup;
			children = (
			);
			path = Builder;
			sourceTree = "<group>";
		};
		3880A4EA294AC28400AAB9D1 /* RecipeList */ = {
			isa = PBXGroup;
			children = (
				38E3231A294AC83300758630 /* Builder */,
				38E32319294AC82E00758630 /* ViewModel */,
				38E32318294AC82B00758630 /* View */,
			);
			path = RecipeList;
			sourceTree = "<group>";
		};
		38E32318294AC82B00758630 /* View */ = {
			isa = PBXGroup;
			children = (
				38E3231B294AC84400758630 /* RecipeListViewController.swift */,
				38E3231C294AC84400758630 /* RecipeListViewController.xib */,
			);
			path = View;
			sourceTree = "<group>";
		};
		38E32319294AC82E00758630 /* ViewModel */ = {
			isa = PBXGroup;
			children = (
			);
			path = ViewModel;
			sourceTree = "<group>";
		};
		38E3231A294AC83300758630 /* Builder */ = {
			isa = PBXGroup;
			children = (
			);
			path = Builder;
			sourceTree = "<group>";
		};
		38ED1773294A519A004F7C89 = {
			isa = PBXGroup;
			children = (
				38ED177E294A519A004F7C89 /* Recetario */,
				38ED1795294A519C004F7C89 /* RecetarioTests */,
				38ED179F294A519C004F7C89 /* RecetarioUITests */,
				38ED177D294A519A004F7C89 /* Products */,
			);
			sourceTree = "<group>";
		};
		38ED177D294A519A004F7C89 /* Products */ = {
			isa = PBXGroup;
			children = (
				38ED177C294A519A004F7C89 /* Recetario.app */,
				38ED1792294A519C004F7C89 /* RecetarioTests.xctest */,
				38ED179C294A519C004F7C89 /* RecetarioUITests.xctest */,
			);
			name = Products;
			sourceTree = "<group>";
		};
		38ED177E294A519A004F7C89 /* Recetario */ = {
			isa = PBXGroup;
			children = (
				38ED17D0294A855B004F7C89 /* Presentation */,
				38ED17B1294A7594004F7C89 /* Domain */,
				38ED177F294A519A004F7C89 /* AppDelegate.swift */,
				38ED17CE294A7FD4004F7C89 /* classifications_response_200.json */,
				38ED1788294A519C004F7C89 /* Assets.xcassets */,
				38ED178A294A519C004F7C89 /* LaunchScreen.storyboard */,
				38ED178D294A519C004F7C89 /* Info.plist */,
			);
			path = Recetario;
			sourceTree = "<group>";
		};
		38ED1795294A519C004F7C89 /* RecetarioTests */ = {
			isa = PBXGroup;
			children = (
				38ED1796294A519C004F7C89 /* RecetarioTests.swift */,
			);
			path = RecetarioTests;
			sourceTree = "<group>";
		};
		38ED179F294A519C004F7C89 /* RecetarioUITests */ = {
			isa = PBXGroup;
			children = (
				38ED17A0294A519C004F7C89 /* RecetarioUITests.swift */,
				38ED17A2294A519C004F7C89 /* RecetarioUITestsLaunchTests.swift */,
			);
			path = RecetarioUITests;
			sourceTree = "<group>";
		};
		38ED17B1294A7594004F7C89 /* Domain */ = {
			isa = PBXGroup;
			children = (
				38ED17C9294A7BE8004F7C89 /* UseCases */,
				38ED17C8294A7BDC004F7C89 /* Models */,
			);
			path = Domain;
			sourceTree = "<group>";
		};
		38ED17C8294A7BDC004F7C89 /* Models */ = {
			isa = PBXGroup;
			children = (
				38ED17B2294A75B4004F7C89 /* Category.swift */,
				38ED17B4294A76A5004F7C89 /* Classification.swift */,
				38ED17B6294A7797004F7C89 /* Recipe.swift */,
				38ED17B8294A7A8A004F7C89 /* RecipeClientdata.swift */,
				38ED17BA294A7ACC004F7C89 /* RecipeImage.swift */,
				38ED17BC294A7ADC004F7C89 /* ImageClientdata.swift */,
				38ED17BE294A7AEA004F7C89 /* Ingredient.swift */,
				38ED17C0294A7AF5004F7C89 /* Nutrient.swift */,
				38ED17C2294A7B04004F7C89 /* Quantity100.swift */,
				38ED17C4294A7B19004F7C89 /* Step.swift */,
				38ED17C6294A7B29004F7C89 /* Video.swift */,
			);
			path = Models;
			sourceTree = "<group>";
		};
		38ED17C9294A7BE8004F7C89 /* UseCases */ = {
			isa = PBXGroup;
			children = (
				38ED17CA294A7BF2004F7C89 /* GetClassificationsUseCase.swift */,
				38ED17CC294A7CBF004F7C89 /* UseCase.swift */,
			);
			path = UseCases;
			sourceTree = "<group>";
		};
		38ED17D0294A855B004F7C89 /* Presentation */ = {
			isa = PBXGroup;
			children = (
				38ED17D1294A8564004F7C89 /* Modules */,
			);
			path = Presentation;
			sourceTree = "<group>";
		};
		38ED17D1294A8564004F7C89 /* Modules */ = {
			isa = PBXGroup;
			children = (
				3880A4EA294AC28400AAB9D1 /* RecipeList */,
				3880A4E2294AC16D00AAB9D1 /* Recipe */,
				38ED17D2294A856A004F7C89 /* RecipeCategories */,
			);
			path = Modules;
			sourceTree = "<group>";
		};
		38ED17D2294A856A004F7C89 /* RecipeCategories */ = {
			isa = PBXGroup;
			children = (
				38ED17D9294A9092004F7C89 /* Builder */,
				38ED17D4294A8581004F7C89 /* ViewModel */,
				38ED17D3294A857D004F7C89 /* View */,
			);
			path = RecipeCategories;
			sourceTree = "<group>";
		};
		38ED17D3294A857D004F7C89 /* View */ = {
			isa = PBXGroup;
			children = (
				38ED17EC294AA1AB004F7C89 /* DataSources */,
				38ED17DE294A933C004F7C89 /* Cells */,
				38ED17D5294A85A0004F7C89 /* RecipeCategoriesViewController.swift */,
				38ED17DC294A9155004F7C89 /* RecipeCategoriesViewController.xib */,
			);
			path = View;
			sourceTree = "<group>";
		};
		38ED17D4294A8581004F7C89 /* ViewModel */ = {
			isa = PBXGroup;
			children = (
				38ED17D7294A8612004F7C89 /* RecipeCategoriesViewModel.swift */,
			);
			path = ViewModel;
			sourceTree = "<group>";
		};
		38ED17D9294A9092004F7C89 /* Builder */ = {
			isa = PBXGroup;
			children = (
				38ED17DA294A90A0004F7C89 /* RecipeCategoriesBuilder.swift */,
			);
			path = Builder;
			sourceTree = "<group>";
		};
		38ED17DE294A933C004F7C89 /* Cells */ = {
			isa = PBXGroup;
			children = (
				38ED17DF294A935D004F7C89 /* TopRecipeCollectionViewCell.swift */,
				38ED17E0294A935D004F7C89 /* TopRecipeCollectionViewCell.xib */,
				38ED17E3294A9368004F7C89 /* RecipeCollectionViewCell.swift */,
				38ED17E4294A9368004F7C89 /* RecipeCollectionViewCell.xib */,
				3880A4DE294AA4D900AAB9D1 /* BottomTitleCollectionReusableView.swift */,
				3880A4DF294AA4D900AAB9D1 /* BottomTitleCollectionReusableView.xib */,
			);
			path = Cells;
			sourceTree = "<group>";
		};
		38ED17EC294AA1AB004F7C89 /* DataSources */ = {
			isa = PBXGroup;
			children = (
				38ED17ED294AA1D0004F7C89 /* TopCollectionViewDataSource.swift */,
				38ED17EF294AA1EC004F7C89 /* BottomCollectionViewDataSource.swift */,
			);
			path = DataSources;
			sourceTree = "<group>";
		};
/* End PBXGroup section */

/* Begin PBXNativeTarget section */
		38ED177B294A519A004F7C89 /* Recetario */ = {
			isa = PBXNativeTarget;
			buildConfigurationList = 38ED17A6294A519C004F7C89 /* Build configuration list for PBXNativeTarget "Recetario" */;
			buildPhases = (
				38ED1778294A519A004F7C89 /* Sources */,
				38ED1779294A519A004F7C89 /* Frameworks */,
				38ED177A294A519A004F7C89 /* Resources */,
			);
			buildRules = (
			);
			dependencies = (
			);
			name = Recetario;
			packageProductDependencies = (
				38ED17E8294A9579004F7C89 /* SDWebImage */,
				38ED17EA294A9579004F7C89 /* SDWebImageMapKit */,
			);
			productName = Recetario;
			productReference = 38ED177C294A519A004F7C89 /* Recetario.app */;
			productType = "com.apple.product-type.application";
		};
		38ED1791294A519C004F7C89 /* RecetarioTests */ = {
			isa = PBXNativeTarget;
			buildConfigurationList = 38ED17A9294A519C004F7C89 /* Build configuration list for PBXNativeTarget "RecetarioTests" */;
			buildPhases = (
				38ED178E294A519C004F7C89 /* Sources */,
				38ED178F294A519C004F7C89 /* Frameworks */,
				38ED1790294A519C004F7C89 /* Resources */,
			);
			buildRules = (
			);
			dependencies = (
				38ED1794294A519C004F7C89 /* PBXTargetDependency */,
			);
			name = RecetarioTests;
			productName = RecetarioTests;
			productReference = 38ED1792294A519C004F7C89 /* RecetarioTests.xctest */;
			productType = "com.apple.product-type.bundle.unit-test";
		};
		38ED179B294A519C004F7C89 /* RecetarioUITests */ = {
			isa = PBXNativeTarget;
			buildConfigurationList = 38ED17AC294A519C004F7C89 /* Build configuration list for PBXNativeTarget "RecetarioUITests" */;
			buildPhases = (
				38ED1798294A519C004F7C89 /* Sources */,
				38ED1799294A519C004F7C89 /* Frameworks */,
				38ED179A294A519C004F7C89 /* Resources */,
			);
			buildRules = (
			);
			dependencies = (
				38ED179E294A519C004F7C89 /* PBXTargetDependency */,
			);
			name = RecetarioUITests;
			productName = RecetarioUITests;
			productReference = 38ED179C294A519C004F7C89 /* RecetarioUITests.xctest */;
			productType = "com.apple.product-type.bundle.ui-testing";
		};
/* End PBXNativeTarget section */

/* Begin PBXProject section */
		38ED1774294A519A004F7C89 /* Project object */ = {
			isa = PBXProject;
			attributes = {
				BuildIndependentTargetsInParallel = 1;
				LastSwiftUpdateCheck = 1410;
				LastUpgradeCheck = 1410;
				TargetAttributes = {
					38ED177B294A519A004F7C89 = {
						CreatedOnToolsVersion = 14.1;
					};
					38ED1791294A519C004F7C89 = {
						CreatedOnToolsVersion = 14.1;
						TestTargetID = 38ED177B294A519A004F7C89;
					};
					38ED179B294A519C004F7C89 = {
						CreatedOnToolsVersion = 14.1;
						TestTargetID = 38ED177B294A519A004F7C89;
					};
				};
			};
			buildConfigurationList = 38ED1777294A519A004F7C89 /* Build configuration list for PBXProject "Recetario" */;
			compatibilityVersion = "Xcode 14.0";
			developmentRegion = en;
			hasScannedForEncodings = 0;
			knownRegions = (
				en,
				Base,
			);
			mainGroup = 38ED1773294A519A004F7C89;
			packageReferences = (
				38ED17E7294A9579004F7C89 /* XCRemoteSwiftPackageReference "SDWebImage" */,
			);
			productRefGroup = 38ED177D294A519A004F7C89 /* Products */;
			projectDirPath = "";
			projectRoot = "";
			targets = (
				38ED177B294A519A004F7C89 /* Recetario */,
				38ED1791294A519C004F7C89 /* RecetarioTests */,
				38ED179B294A519C004F7C89 /* RecetarioUITests */,
			);
		};
/* End PBXProject section */

/* Begin PBXResourcesBuildPhase section */
		38ED177A294A519A004F7C89 /* Resources */ = {
			isa = PBXResourcesBuildPhase;
			buildActionMask = 2147483647;
			files = (
				3880A4E9294AC1D500AAB9D1 /* RecipeViewController.xib in Resources */,
				38ED17DD294A9155004F7C89 /* RecipeCategoriesViewController.xib in Resources */,
				38ED178C294A519C004F7C89 /* LaunchScreen.storyboard in Resources */,
				38ED17E6294A9368004F7C89 /* RecipeCollectionViewCell.xib in Resources */,
				38ED17E2294A935D004F7C89 /* TopRecipeCollectionViewCell.xib in Resources */,
				38ED17CF294A7FD4004F7C89 /* classifications_response_200.json in Resources */,
				38ED1789294A519C004F7C89 /* Assets.xcassets in Resources */,
				3880A4E1294AA4D900AAB9D1 /* BottomTitleCollectionReusableView.xib in Resources */,
				38E3231E294AC84400758630 /* RecipeListViewController.xib in Resources */,
			);
			runOnlyForDeploymentPostprocessing = 0;
		};
		38ED1790294A519C004F7C89 /* Resources */ = {
			isa = PBXResourcesBuildPhase;
			buildActionMask = 2147483647;
			files = (
			);
			runOnlyForDeploymentPostprocessing = 0;
		};
		38ED179A294A519C004F7C89 /* Resources */ = {
			isa = PBXResourcesBuildPhase;
			buildActionMask = 2147483647;
			files = (
			);
			runOnlyForDeploymentPostprocessing = 0;
		};
/* End PBXResourcesBuildPhase section */

/* Begin PBXSourcesBuildPhase section */
		38ED1778294A519A004F7C89 /* Sources */ = {
			isa = PBXSourcesBuildPhase;
			buildActionMask = 2147483647;
			files = (
				38ED17C1294A7AF5004F7C89 /* Nutrient.swift in Sources */,
				38ED17E1294A935D004F7C89 /* TopRecipeCollectionViewCell.swift in Sources */,
				38ED17CD294A7CBF004F7C89 /* UseCase.swift in Sources */,
				38ED17B9294A7A8A004F7C89 /* RecipeClientdata.swift in Sources */,
				38ED17B3294A75B4004F7C89 /* Category.swift in Sources */,
				38ED17D6294A85A0004F7C89 /* RecipeCategoriesViewController.swift in Sources */,
				38ED17DB294A90A0004F7C89 /* RecipeCategoriesBuilder.swift in Sources */,
				38ED17BF294A7AEA004F7C89 /* Ingredient.swift in Sources */,
				38ED17C3294A7B04004F7C89 /* Quantity100.swift in Sources */,
				38ED17F0294AA1EC004F7C89 /* BottomCollectionViewDataSource.swift in Sources */,
				38ED17C7294A7B29004F7C89 /* Video.swift in Sources */,
				38ED17CB294A7BF2004F7C89 /* GetClassificationsUseCase.swift in Sources */,
				38ED17BD294A7ADC004F7C89 /* ImageClientdata.swift in Sources */,
				38ED17E5294A9368004F7C89 /* RecipeCollectionViewCell.swift in Sources */,
				38ED1780294A519A004F7C89 /* AppDelegate.swift in Sources */,
				3880A4E0294AA4D900AAB9D1 /* BottomTitleCollectionReusableView.swift in Sources */,
				38ED17B7294A7797004F7C89 /* Recipe.swift in Sources */,
				38ED17EE294AA1D0004F7C89 /* TopCollectionViewDataSource.swift in Sources */,
				3880A4E8294AC1D500AAB9D1 /* RecipeViewController.swift in Sources */,
				38ED17B5294A76A5004F7C89 /* Classification.swift in Sources */,
				38E3231D294AC84400758630 /* RecipeListViewController.swift in Sources */,
				38ED17D8294A8612004F7C89 /* RecipeCategoriesViewModel.swift in Sources */,
				38ED17C5294A7B19004F7C89 /* Step.swift in Sources */,
				38ED17BB294A7ACC004F7C89 /* RecipeImage.swift in Sources */,
			);
			runOnlyForDeploymentPostprocessing = 0;
		};
		38ED178E294A519C004F7C89 /* Sources */ = {
			isa = PBXSourcesBuildPhase;
			buildActionMask = 2147483647;
			files = (
				38ED1797294A519C004F7C89 /* RecetarioTests.swift in Sources */,
			);
			runOnlyForDeploymentPostprocessing = 0;
		};
		38ED1798294A519C004F7C89 /* Sources */ = {
			isa = PBXSourcesBuildPhase;
			buildActionMask = 2147483647;
			files = (
				38ED17A1294A519C004F7C89 /* RecetarioUITests.swift in Sources */,
				38ED17A3294A519C004F7C89 /* RecetarioUITestsLaunchTests.swift in Sources */,
			);
			runOnlyForDeploymentPostprocessing = 0;
		};
/* End PBXSourcesBuildPhase section */

/* Begin PBXTargetDependency section */
		38ED1794294A519C004F7C89 /* PBXTargetDependency */ = {
			isa = PBXTargetDependency;
			target = 38ED177B294A519A004F7C89 /* Recetario */;
			targetProxy = 38ED1793294A519C004F7C89 /* PBXContainerItemProxy */;
		};
		38ED179E294A519C004F7C89 /* PBXTargetDependency */ = {
			isa = PBXTargetDependency;
			target = 38ED177B294A519A004F7C89 /* Recetario */;
			targetProxy = 38ED179D294A519C004F7C89 /* PBXContainerItemProxy */;
		};
/* End PBXTargetDependency section */

/* Begin PBXVariantGroup section */
		38ED178A294A519C004F7C89 /* LaunchScreen.storyboard */ = {
			isa = PBXVariantGroup;
			children = (
				38ED178B294A519C004F7C89 /* Base */,
			);
			name = LaunchScreen.storyboard;
			sourceTree = "<group>";
		};
/* End PBXVariantGroup section */

/* Begin XCBuildConfiguration section */
		38ED17A4294A519C004F7C89 /* Debug */ = {
			isa = XCBuildConfiguration;
			buildSettings = {
				ALWAYS_SEARCH_USER_PATHS = NO;
				CLANG_ANALYZER_NONNULL = YES;
				CLANG_ANALYZER_NUMBER_OBJECT_CONVERSION = YES_AGGRESSIVE;
				CLANG_CXX_LANGUAGE_STANDARD = "gnu++20";
				CLANG_ENABLE_MODULES = YES;
				CLANG_ENABLE_OBJC_ARC = YES;
				CLANG_ENABLE_OBJC_WEAK = YES;
				CLANG_WARN_BLOCK_CAPTURE_AUTORELEASING = YES;
				CLANG_WARN_BOOL_CONVERSION = YES;
				CLANG_WARN_COMMA = YES;
				CLANG_WARN_CONSTANT_CONVERSION = YES;
				CLANG_WARN_DEPRECATED_OBJC_IMPLEMENTATIONS = YES;
				CLANG_WARN_DIRECT_OBJC_ISA_USAGE = YES_ERROR;
				CLANG_WARN_DOCUMENTATION_COMMENTS = YES;
				CLANG_WARN_EMPTY_BODY = YES;
				CLANG_WARN_ENUM_CONVERSION = YES;
				CLANG_WARN_INFINITE_RECURSION = YES;
				CLANG_WARN_INT_CONVERSION = YES;
				CLANG_WARN_NON_LITERAL_NULL_CONVERSION = YES;
				CLANG_WARN_OBJC_IMPLICIT_RETAIN_SELF = YES;
				CLANG_WARN_OBJC_LITERAL_CONVERSION = YES;
				CLANG_WARN_OBJC_ROOT_CLASS = YES_ERROR;
				CLANG_WARN_QUOTED_INCLUDE_IN_FRAMEWORK_HEADER = YES;
				CLANG_WARN_RANGE_LOOP_ANALYSIS = YES;
				CLANG_WARN_STRICT_PROTOTYPES = YES;
				CLANG_WARN_SUSPICIOUS_MOVE = YES;
				CLANG_WARN_UNGUARDED_AVAILABILITY = YES_AGGRESSIVE;
				CLANG_WARN_UNREACHABLE_CODE = YES;
				CLANG_WARN__DUPLICATE_METHOD_MATCH = YES;
				COPY_PHASE_STRIP = NO;
				DEBUG_INFORMATION_FORMAT = dwarf;
				ENABLE_STRICT_OBJC_MSGSEND = YES;
				ENABLE_TESTABILITY = YES;
				GCC_C_LANGUAGE_STANDARD = gnu11;
				GCC_DYNAMIC_NO_PIC = NO;
				GCC_NO_COMMON_BLOCKS = YES;
				GCC_OPTIMIZATION_LEVEL = 0;
				GCC_PREPROCESSOR_DEFINITIONS = (
					"DEBUG=1",
					"$(inherited)",
				);
				GCC_WARN_64_TO_32_BIT_CONVERSION = YES;
				GCC_WARN_ABOUT_RETURN_TYPE = YES_ERROR;
				GCC_WARN_UNDECLARED_SELECTOR = YES;
				GCC_WARN_UNINITIALIZED_AUTOS = YES_AGGRESSIVE;
				GCC_WARN_UNUSED_FUNCTION = YES;
				GCC_WARN_UNUSED_VARIABLE = YES;
				IPHONEOS_DEPLOYMENT_TARGET = 16.1;
				MTL_ENABLE_DEBUG_INFO = INCLUDE_SOURCE;
				MTL_FAST_MATH = YES;
				ONLY_ACTIVE_ARCH = YES;
				SDKROOT = iphoneos;
				SWIFT_ACTIVE_COMPILATION_CONDITIONS = DEBUG;
				SWIFT_OPTIMIZATION_LEVEL = "-Onone";
			};
			name = Debug;
		};
		38ED17A5294A519C004F7C89 /* Release */ = {
			isa = XCBuildConfiguration;
			buildSettings = {
				ALWAYS_SEARCH_USER_PATHS = NO;
				CLANG_ANALYZER_NONNULL = YES;
				CLANG_ANALYZER_NUMBER_OBJECT_CONVERSION = YES_AGGRESSIVE;
				CLANG_CXX_LANGUAGE_STANDARD = "gnu++20";
				CLANG_ENABLE_MODULES = YES;
				CLANG_ENABLE_OBJC_ARC = YES;
				CLANG_ENABLE_OBJC_WEAK = YES;
				CLANG_WARN_BLOCK_CAPTURE_AUTORELEASING = YES;
				CLANG_WARN_BOOL_CONVERSION = YES;
				CLANG_WARN_COMMA = YES;
				CLANG_WARN_CONSTANT_CONVERSION = YES;
				CLANG_WARN_DEPRECATED_OBJC_IMPLEMENTATIONS = YES;
				CLANG_WARN_DIRECT_OBJC_ISA_USAGE = YES_ERROR;
				CLANG_WARN_DOCUMENTATION_COMMENTS = YES;
				CLANG_WARN_EMPTY_BODY = YES;
				CLANG_WARN_ENUM_CONVERSION = YES;
				CLANG_WARN_INFINITE_RECURSION = YES;
				CLANG_WARN_INT_CONVERSION = YES;
				CLANG_WARN_NON_LITERAL_NULL_CONVERSION = YES;
				CLANG_WARN_OBJC_IMPLICIT_RETAIN_SELF = YES;
				CLANG_WARN_OBJC_LITERAL_CONVERSION = YES;
				CLANG_WARN_OBJC_ROOT_CLASS = YES_ERROR;
				CLANG_WARN_QUOTED_INCLUDE_IN_FRAMEWORK_HEADER = YES;
				CLANG_WARN_RANGE_LOOP_ANALYSIS = YES;
				CLANG_WARN_STRICT_PROTOTYPES = YES;
				CLANG_WARN_SUSPICIOUS_MOVE = YES;
				CLANG_WARN_UNGUARDED_AVAILABILITY = YES_AGGRESSIVE;
				CLANG_WARN_UNREACHABLE_CODE = YES;
				CLANG_WARN__DUPLICATE_METHOD_MATCH = YES;
				COPY_PHASE_STRIP = NO;
				DEBUG_INFORMATION_FORMAT = "dwarf-with-dsym";
				ENABLE_NS_ASSERTIONS = NO;
				ENABLE_STRICT_OBJC_MSGSEND = YES;
				GCC_C_LANGUAGE_STANDARD = gnu11;
				GCC_NO_COMMON_BLOCKS = YES;
				GCC_WARN_64_TO_32_BIT_CONVERSION = YES;
				GCC_WARN_ABOUT_RETURN_TYPE = YES_ERROR;
				GCC_WARN_UNDECLARED_SELECTOR = YES;
				GCC_WARN_UNINITIALIZED_AUTOS = YES_AGGRESSIVE;
				GCC_WARN_UNUSED_FUNCTION = YES;
				GCC_WARN_UNUSED_VARIABLE = YES;
				IPHONEOS_DEPLOYMENT_TARGET = 16.1;
				MTL_ENABLE_DEBUG_INFO = NO;
				MTL_FAST_MATH = YES;
				SDKROOT = iphoneos;
				SWIFT_COMPILATION_MODE = wholemodule;
				SWIFT_OPTIMIZATION_LEVEL = "-O";
				VALIDATE_PRODUCT = YES;
			};
			name = Release;
		};
		38ED17A7294A519C004F7C89 /* Debug */ = {
			isa = XCBuildConfiguration;
			buildSettings = {
				ASSETCATALOG_COMPILER_APPICON_NAME = AppIcon;
				ASSETCATALOG_COMPILER_GLOBAL_ACCENT_COLOR_NAME = AccentColor;
				CODE_SIGN_STYLE = Automatic;
				CURRENT_PROJECT_VERSION = 1;
				DEVELOPMENT_TEAM = S9DJ7HWPB5;
				GENERATE_INFOPLIST_FILE = YES;
				INFOPLIST_FILE = Recetario/Info.plist;
				INFOPLIST_KEY_UIApplicationSupportsIndirectInputEvents = YES;
				INFOPLIST_KEY_UILaunchStoryboardName = LaunchScreen.storyboard;
				INFOPLIST_KEY_UISupportedInterfaceOrientations_iPad = "UIInterfaceOrientationPortrait UIInterfaceOrientationPortraitUpsideDown UIInterfaceOrientationLandscapeLeft UIInterfaceOrientationLandscapeRight";
				INFOPLIST_KEY_UISupportedInterfaceOrientations_iPhone = "UIInterfaceOrientationPortrait UIInterfaceOrientationLandscapeLeft UIInterfaceOrientationLandscapeRight";
				LD_RUNPATH_SEARCH_PATHS = (
					"$(inherited)",
					"@executable_path/Frameworks",
				);
				MARKETING_VERSION = 1.0;
				PRODUCT_BUNDLE_IDENTIFIER = "com.olmedo-mike.Recetario";
				PRODUCT_NAME = "$(TARGET_NAME)";
				SWIFT_EMIT_LOC_STRINGS = YES;
				SWIFT_VERSION = 5.0;
				TARGETED_DEVICE_FAMILY = "1,2";
			};
			name = Debug;
		};
		38ED17A8294A519C004F7C89 /* Release */ = {
			isa = XCBuildConfiguration;
			buildSettings = {
				ASSETCATALOG_COMPILER_APPICON_NAME = AppIcon;
				ASSETCATALOG_COMPILER_GLOBAL_ACCENT_COLOR_NAME = AccentColor;
				CODE_SIGN_STYLE = Automatic;
				CURRENT_PROJECT_VERSION = 1;
				DEVELOPMENT_TEAM = S9DJ7HWPB5;
				GENERATE_INFOPLIST_FILE = YES;
				INFOPLIST_FILE = Recetario/Info.plist;
				INFOPLIST_KEY_UIApplicationSupportsIndirectInputEvents = YES;
				INFOPLIST_KEY_UILaunchStoryboardName = LaunchScreen.storyboard;
				INFOPLIST_KEY_UISupportedInterfaceOrientations_iPad = "UIInterfaceOrientationPortrait UIInterfaceOrientationPortraitUpsideDown UIInterfaceOrientationLandscapeLeft UIInterfaceOrientationLandscapeRight";
				INFOPLIST_KEY_UISupportedInterfaceOrientations_iPhone = "UIInterfaceOrientationPortrait UIInterfaceOrientationLandscapeLeft UIInterfaceOrientationLandscapeRight";
				LD_RUNPATH_SEARCH_PATHS = (
					"$(inherited)",
					"@executable_path/Frameworks",
				);
				MARKETING_VERSION = 1.0;
				PRODUCT_BUNDLE_IDENTIFIER = "com.olmedo-mike.Recetario";
				PRODUCT_NAME = "$(TARGET_NAME)";
				SWIFT_EMIT_LOC_STRINGS = YES;
				SWIFT_VERSION = 5.0;
				TARGETED_DEVICE_FAMILY = "1,2";
			};
			name = Release;
		};
		38ED17AA294A519C004F7C89 /* Debug */ = {
			isa = XCBuildConfiguration;
			buildSettings = {
				ALWAYS_EMBED_SWIFT_STANDARD_LIBRARIES = YES;
				BUNDLE_LOADER = "$(TEST_HOST)";
				CODE_SIGN_STYLE = Automatic;
				CURRENT_PROJECT_VERSION = 1;
				DEVELOPMENT_TEAM = S9DJ7HWPB5;
				GENERATE_INFOPLIST_FILE = YES;
				IPHONEOS_DEPLOYMENT_TARGET = 16.1;
				MARKETING_VERSION = 1.0;
				PRODUCT_BUNDLE_IDENTIFIER = "com.olmedo-mike.RecetarioTests";
				PRODUCT_NAME = "$(TARGET_NAME)";
				SWIFT_EMIT_LOC_STRINGS = NO;
				SWIFT_VERSION = 5.0;
				TARGETED_DEVICE_FAMILY = "1,2";
				TEST_HOST = "$(BUILT_PRODUCTS_DIR)/Recetario.app/$(BUNDLE_EXECUTABLE_FOLDER_PATH)/Recetario";
			};
			name = Debug;
		};
		38ED17AB294A519C004F7C89 /* Release */ = {
			isa = XCBuildConfiguration;
			buildSettings = {
				ALWAYS_EMBED_SWIFT_STANDARD_LIBRARIES = YES;
				BUNDLE_LOADER = "$(TEST_HOST)";
				CODE_SIGN_STYLE = Automatic;
				CURRENT_PROJECT_VERSION = 1;
				DEVELOPMENT_TEAM = S9DJ7HWPB5;
				GENERATE_INFOPLIST_FILE = YES;
				IPHONEOS_DEPLOYMENT_TARGET = 16.1;
				MARKETING_VERSION = 1.0;
				PRODUCT_BUNDLE_IDENTIFIER = "com.olmedo-mike.RecetarioTests";
				PRODUCT_NAME = "$(TARGET_NAME)";
				SWIFT_EMIT_LOC_STRINGS = NO;
				SWIFT_VERSION = 5.0;
				TARGETED_DEVICE_FAMILY = "1,2";
				TEST_HOST = "$(BUILT_PRODUCTS_DIR)/Recetario.app/$(BUNDLE_EXECUTABLE_FOLDER_PATH)/Recetario";
			};
			name = Release;
		};
		38ED17AD294A519C004F7C89 /* Debug */ = {
			isa = XCBuildConfiguration;
			buildSettings = {
				ALWAYS_EMBED_SWIFT_STANDARD_LIBRARIES = YES;
				CODE_SIGN_STYLE = Automatic;
				CURRENT_PROJECT_VERSION = 1;
				DEVELOPMENT_TEAM = S9DJ7HWPB5;
				GENERATE_INFOPLIST_FILE = YES;
				MARKETING_VERSION = 1.0;
				PRODUCT_BUNDLE_IDENTIFIER = "com.olmedo-mike.RecetarioUITests";
				PRODUCT_NAME = "$(TARGET_NAME)";
				SWIFT_EMIT_LOC_STRINGS = NO;
				SWIFT_VERSION = 5.0;
				TARGETED_DEVICE_FAMILY = "1,2";
				TEST_TARGET_NAME = Recetario;
			};
			name = Debug;
		};
		38ED17AE294A519C004F7C89 /* Release */ = {
			isa = XCBuildConfiguration;
			buildSettings = {
				ALWAYS_EMBED_SWIFT_STANDARD_LIBRARIES = YES;
				CODE_SIGN_STYLE = Automatic;
				CURRENT_PROJECT_VERSION = 1;
				DEVELOPMENT_TEAM = S9DJ7HWPB5;
				GENERATE_INFOPLIST_FILE = YES;
				MARKETING_VERSION = 1.0;
				PRODUCT_BUNDLE_IDENTIFIER = "com.olmedo-mike.RecetarioUITests";
				PRODUCT_NAME = "$(TARGET_NAME)";
				SWIFT_EMIT_LOC_STRINGS = NO;
				SWIFT_VERSION = 5.0;
				TARGETED_DEVICE_FAMILY = "1,2";
				TEST_TARGET_NAME = Recetario;
			};
			name = Release;
		};
/* End XCBuildConfiguration section */

/* Begin XCConfigurationList section */
		38ED1777294A519A004F7C89 /* Build configuration list for PBXProject "Recetario" */ = {
			isa = XCConfigurationList;
			buildConfigurations = (
				38ED17A4294A519C004F7C89 /* Debug */,
				38ED17A5294A519C004F7C89 /* Release */,
			);
			defaultConfigurationIsVisible = 0;
			defaultConfigurationName = Release;
		};
		38ED17A6294A519C004F7C89 /* Build configuration list for PBXNativeTarget "Recetario" */ = {
			isa = XCConfigurationList;
			buildConfigurations = (
				38ED17A7294A519C004F7C89 /* Debug */,
				38ED17A8294A519C004F7C89 /* Release */,
			);
			defaultConfigurationIsVisible = 0;
			defaultConfigurationName = Release;
		};
		38ED17A9294A519C004F7C89 /* Build configuration list for PBXNativeTarget "RecetarioTests" */ = {
			isa = XCConfigurationList;
			buildConfigurations = (
				38ED17AA294A519C004F7C89 /* Debug */,
				38ED17AB294A519C004F7C89 /* Release */,
			);
			defaultConfigurationIsVisible = 0;
			defaultConfigurationName = Release;
		};
		38ED17AC294A519C004F7C89 /* Build configuration list for PBXNativeTarget "RecetarioUITests" */ = {
			isa = XCConfigurationList;
			buildConfigurations = (
				38ED17AD294A519C004F7C89 /* Debug */,
				38ED17AE294A519C004F7C89 /* Release */,
			);
			defaultConfigurationIsVisible = 0;
			defaultConfigurationName = Release;
		};
/* End XCConfigurationList section */

/* Begin XCRemoteSwiftPackageReference section */
		38ED17E7294A9579004F7C89 /* XCRemoteSwiftPackageReference "SDWebImage" */ = {
			isa = XCRemoteSwiftPackageReference;
			repositoryURL = "https://github.com/SDWebImage/SDWebImage";
			requirement = {
				kind = upToNextMajorVersion;
				minimumVersion = 5.0.0;
			};
		};
/* End XCRemoteSwiftPackageReference section */

/* Begin XCSwiftPackageProductDependency section */
		38ED17E8294A9579004F7C89 /* SDWebImage */ = {
			isa = XCSwiftPackageProductDependency;
			package = 38ED17E7294A9579004F7C89 /* XCRemoteSwiftPackageReference "SDWebImage" */;
			productName = SDWebImage;
		};
		38ED17EA294A9579004F7C89 /* SDWebImageMapKit */ = {
			isa = XCSwiftPackageProductDependency;
			package = 38ED17E7294A9579004F7C89 /* XCRemoteSwiftPackageReference "SDWebImage" */;
			productName = SDWebImageMapKit;
		};
/* End XCSwiftPackageProductDependency section */
	};
	rootObject = 38ED1774294A519A004F7C89 /* Project object */;
}
